// !$*UTF8*$!
{
	archiveVersion = 1;
	classes = {
	};
	objectVersion = 46;
	objects = {

/* Begin PBXBuildFile section */
		273672D41D44E8B3007E2F9C /* RouterViewController.swift in Sources */ = {isa = PBXBuildFile; fileRef = 273672D31D44E8B3007E2F9C /* RouterViewController.swift */; };
		27CB51351D39CF31009D6468 /* AppDelegate.swift in Sources */ = {isa = PBXBuildFile; fileRef = 27CB51341D39CF31009D6468 /* AppDelegate.swift */; };
		27CB51371D39CF31009D6468 /* ViewController.swift in Sources */ = {isa = PBXBuildFile; fileRef = 27CB51361D39CF31009D6468 /* ViewController.swift */; };
		27CB513A1D39CF31009D6468 /* Main.storyboard in Resources */ = {isa = PBXBuildFile; fileRef = 27CB51381D39CF31009D6468 /* Main.storyboard */; };
		27CB513C1D39CF31009D6468 /* Assets.xcassets in Resources */ = {isa = PBXBuildFile; fileRef = 27CB513B1D39CF31009D6468 /* Assets.xcassets */; };
		27CB513F1D39CF31009D6468 /* LaunchScreen.storyboard in Resources */ = {isa = PBXBuildFile; fileRef = 27CB513D1D39CF31009D6468 /* LaunchScreen.storyboard */; };
		27CB514A1D39CF31009D6468 /* RoutableTests.swift in Sources */ = {isa = PBXBuildFile; fileRef = 27CB51491D39CF31009D6468 /* RoutableTests.swift */; };
		27CB51551D39CF31009D6468 /* RoutableUITests.swift in Sources */ = {isa = PBXBuildFile; fileRef = 27CB51541D39CF31009D6468 /* RoutableUITests.swift */; };
		27CB51651D39CFE0009D6468 /* RouterParams.swift in Sources */ = {isa = PBXBuildFile; fileRef = 27CB51641D39CFE0009D6468 /* RouterParams.swift */; };
		27CB51671D39D049009D6468 /* ZKRouterOptions.swift in Sources */ = {isa = PBXBuildFile; fileRef = 27CB51661D39D049009D6468 /* ZKRouterOptions.swift */; };
		27CB516B1D3A346E009D6468 /* ZKRouter.swift in Sources */ = {isa = PBXBuildFile; fileRef = 27CB516A1D3A346E009D6468 /* ZKRouter.swift */; };
/* End PBXBuildFile section */

/* Begin PBXContainerItemProxy section */
		27CB51461D39CF31009D6468 /* PBXContainerItemProxy */ = {
			isa = PBXContainerItemProxy;
			containerPortal = 27CB51291D39CF31009D6468 /* Project object */;
			proxyType = 1;
			remoteGlobalIDString = 27CB51301D39CF31009D6468;
			remoteInfo = Routable;
		};
		27CB51511D39CF31009D6468 /* PBXContainerItemProxy */ = {
			isa = PBXContainerItemProxy;
			containerPortal = 27CB51291D39CF31009D6468 /* Project object */;
			proxyType = 1;
			remoteGlobalIDString = 27CB51301D39CF31009D6468;
			remoteInfo = Routable;
		};
/* End PBXContainerItemProxy section */

/* Begin PBXFileReference section */
		273672D31D44E8B3007E2F9C /* RouterViewController.swift */ = {isa = PBXFileReference; fileEncoding = 4; lastKnownFileType = sourcecode.swift; name = RouterViewController.swift; path = Class/RouterViewController.swift; sourceTree = "<group>"; };
		27CB51311D39CF31009D6468 /* Routable.app */ = {isa = PBXFileReference; explicitFileType = wrapper.application; includeInIndex = 0; path = Routable.app; sourceTree = BUILT_PRODUCTS_DIR; };
		27CB51341D39CF31009D6468 /* AppDelegate.swift */ = {isa = PBXFileReference; lastKnownFileType = sourcecode.swift; path = AppDelegate.swift; sourceTree = "<group>"; };
		27CB51361D39CF31009D6468 /* ViewController.swift */ = {isa = PBXFileReference; lastKnownFileType = sourcecode.swift; path = ViewController.swift; sourceTree = "<group>"; };
		27CB51391D39CF31009D6468 /* Base */ = {isa = PBXFileReference; lastKnownFileType = file.storyboard; name = Base; path = Base.lproj/Main.storyboard; sourceTree = "<group>"; };
		27CB513B1D39CF31009D6468 /* Assets.xcassets */ = {isa = PBXFileReference; lastKnownFileType = folder.assetcatalog; path = Assets.xcassets; sourceTree = "<group>"; };
		27CB513E1D39CF31009D6468 /* Base */ = {isa = PBXFileReference; lastKnownFileType = file.storyboard; name = Base; path = Base.lproj/LaunchScreen.storyboard; sourceTree = "<group>"; };
		27CB51401D39CF31009D6468 /* Info.plist */ = {isa = PBXFileReference; lastKnownFileType = text.plist.xml; path = Info.plist; sourceTree = "<group>"; };
		27CB51451D39CF31009D6468 /* RoutableTests.xctest */ = {isa = PBXFileReference; explicitFileType = wrapper.cfbundle; includeInIndex = 0; path = RoutableTests.xctest; sourceTree = BUILT_PRODUCTS_DIR; };
		27CB51491D39CF31009D6468 /* RoutableTests.swift */ = {isa = PBXFileReference; lastKnownFileType = sourcecode.swift; path = RoutableTests.swift; sourceTree = "<group>"; };
		27CB514B1D39CF31009D6468 /* Info.plist */ = {isa = PBXFileReference; lastKnownFileType = text.plist.xml; path = Info.plist; sourceTree = "<group>"; };
		27CB51501D39CF31009D6468 /* RoutableUITests.xctest */ = {isa = PBXFileReference; explicitFileType = wrapper.cfbundle; includeInIndex = 0; path = RoutableUITests.xctest; sourceTree = BUILT_PRODUCTS_DIR; };
		27CB51541D39CF31009D6468 /* RoutableUITests.swift */ = {isa = PBXFileReference; lastKnownFileType = sourcecode.swift; path = RoutableUITests.swift; sourceTree = "<group>"; };
		27CB51561D39CF31009D6468 /* Info.plist */ = {isa = PBXFileReference; lastKnownFileType = text.plist.xml; path = Info.plist; sourceTree = "<group>"; };
		27CB51641D39CFE0009D6468 /* RouterParams.swift */ = {isa = PBXFileReference; fileEncoding = 4; lastKnownFileType = sourcecode.swift; name = RouterParams.swift; path = Class/RouterParams.swift; sourceTree = "<group>"; };
		27CB51661D39D049009D6468 /* ZKRouterOptions.swift */ = {isa = PBXFileReference; fileEncoding = 4; lastKnownFileType = sourcecode.swift; name = ZKRouterOptions.swift; path = Class/ZKRouterOptions.swift; sourceTree = "<group>"; };
		27CB516A1D3A346E009D6468 /* ZKRouter.swift */ = {isa = PBXFileReference; fileEncoding = 4; lastKnownFileType = sourcecode.swift; name = ZKRouter.swift; path = Class/ZKRouter.swift; sourceTree = "<group>"; };
/* End PBXFileReference section */

/* Begin PBXFrameworksBuildPhase section */
		27CB512E1D39CF31009D6468 /* Frameworks */ = {
			isa = PBXFrameworksBuildPhase;
			buildActionMask = 2147483647;
			files = (
			);
			runOnlyForDeploymentPostprocessing = 0;
		};
		27CB51421D39CF31009D6468 /* Frameworks */ = {
			isa = PBXFrameworksBuildPhase;
			buildActionMask = 2147483647;
			files = (
			);
			runOnlyForDeploymentPostprocessing = 0;
		};
		27CB514D1D39CF31009D6468 /* Frameworks */ = {
			isa = PBXFrameworksBuildPhase;
			buildActionMask = 2147483647;
			files = (
			);
			runOnlyForDeploymentPostprocessing = 0;
		};
/* End PBXFrameworksBuildPhase section */

/* Begin PBXGroup section */
		27CB51281D39CF31009D6468 = {
			isa = PBXGroup;
			children = (
				27CB51331D39CF31009D6468 /* Routable */,
				27CB51481D39CF31009D6468 /* RoutableTests */,
				27CB51531D39CF31009D6468 /* RoutableUITests */,
				27CB51321D39CF31009D6468 /* Products */,
			);
			sourceTree = "<group>";
		};
		27CB51321D39CF31009D6468 /* Products */ = {
			isa = PBXGroup;
			children = (
				27CB51311D39CF31009D6468 /* Routable.app */,
				27CB51451D39CF31009D6468 /* RoutableTests.xctest */,
				27CB51501D39CF31009D6468 /* RoutableUITests.xctest */,
			);
			name = Products;
			sourceTree = "<group>";
		};
		27CB51331D39CF31009D6468 /* Routable */ = {
			isa = PBXGroup;
			children = (
				27CB51631D39CF86009D6468 /* Demo */,
				27CB51621D39CF78009D6468 /* Class */,
				27CB51341D39CF31009D6468 /* AppDelegate.swift */,
				27CB513B1D39CF31009D6468 /* Assets.xcassets */,
				27CB513D1D39CF31009D6468 /* LaunchScreen.storyboard */,
				27CB51401D39CF31009D6468 /* Info.plist */,
			);
			path = Routable;
			sourceTree = "<group>";
		};
		27CB51481D39CF31009D6468 /* RoutableTests */ = {
			isa = PBXGroup;
			children = (
				27CB51491D39CF31009D6468 /* RoutableTests.swift */,
				27CB514B1D39CF31009D6468 /* Info.plist */,
			);
			path = RoutableTests;
			sourceTree = "<group>";
		};
		27CB51531D39CF31009D6468 /* RoutableUITests */ = {
			isa = PBXGroup;
			children = (
				27CB51541D39CF31009D6468 /* RoutableUITests.swift */,
				27CB51561D39CF31009D6468 /* Info.plist */,
			);
			path = RoutableUITests;
			sourceTree = "<group>";
		};
		27CB51621D39CF78009D6468 /* Class */ = {
			isa = PBXGroup;
			children = (
				27CB51661D39D049009D6468 /* ZKRouterOptions.swift */,
				27CB51641D39CFE0009D6468 /* RouterParams.swift */,
				27CB516A1D3A346E009D6468 /* ZKRouter.swift */,
				273672D31D44E8B3007E2F9C /* RouterViewController.swift */,
			);
			name = Class;
			sourceTree = "<group>";
		};
		27CB51631D39CF86009D6468 /* Demo */ = {
			isa = PBXGroup;
			children = (
				27CB51361D39CF31009D6468 /* ViewController.swift */,
				27CB51381D39CF31009D6468 /* Main.storyboard */,
			);
			name = Demo;
			sourceTree = "<group>";
		};
/* End PBXGroup section */

/* Begin PBXNativeTarget section */
		27CB51301D39CF31009D6468 /* Routable */ = {
			isa = PBXNativeTarget;
			buildConfigurationList = 27CB51591D39CF31009D6468 /* Build configuration list for PBXNativeTarget "Routable" */;
			buildPhases = (
				27CB512D1D39CF31009D6468 /* Sources */,
				27CB512E1D39CF31009D6468 /* Frameworks */,
				27CB512F1D39CF31009D6468 /* Resources */,
			);
			buildRules = (
			);
			dependencies = (
			);
			name = Routable;
			productName = Routable;
			productReference = 27CB51311D39CF31009D6468 /* Routable.app */;
			productType = "com.apple.product-type.application";
		};
		27CB51441D39CF31009D6468 /* RoutableTests */ = {
			isa = PBXNativeTarget;
			buildConfigurationList = 27CB515C1D39CF31009D6468 /* Build configuration list for PBXNativeTarget "RoutableTests" */;
			buildPhases = (
				27CB51411D39CF31009D6468 /* Sources */,
				27CB51421D39CF31009D6468 /* Frameworks */,
				27CB51431D39CF31009D6468 /* Resources */,
			);
			buildRules = (
			);
			dependencies = (
				27CB51471D39CF31009D6468 /* PBXTargetDependency */,
			);
			name = RoutableTests;
			productName = RoutableTests;
			productReference = 27CB51451D39CF31009D6468 /* RoutableTests.xctest */;
			productType = "com.apple.product-type.bundle.unit-test";
		};
		27CB514F1D39CF31009D6468 /* RoutableUITests */ = {
			isa = PBXNativeTarget;
			buildConfigurationList = 27CB515F1D39CF31009D6468 /* Build configuration list for PBXNativeTarget "RoutableUITests" */;
			buildPhases = (
				27CB514C1D39CF31009D6468 /* Sources */,
				27CB514D1D39CF31009D6468 /* Frameworks */,
				27CB514E1D39CF31009D6468 /* Resources */,
			);
			buildRules = (
			);
			dependencies = (
				27CB51521D39CF31009D6468 /* PBXTargetDependency */,
			);
			name = RoutableUITests;
			productName = RoutableUITests;
			productReference = 27CB51501D39CF31009D6468 /* RoutableUITests.xctest */;
			productType = "com.apple.product-type.bundle.ui-testing";
		};
/* End PBXNativeTarget section */

/* Begin PBXProject section */
		27CB51291D39CF31009D6468 /* Project object */ = {
			isa = PBXProject;
			attributes = {
				LastSwiftUpdateCheck = 0730;
				LastUpgradeCheck = 0730;
				ORGANIZATIONNAME = zkhCreator;
				TargetAttributes = {
					27CB51301D39CF31009D6468 = {
						CreatedOnToolsVersion = 7.3.1;
						DevelopmentTeam = 2322UT7HH9;
					};
					27CB51441D39CF31009D6468 = {
						CreatedOnToolsVersion = 7.3.1;
						DevelopmentTeam = 2322UT7HH9;
						TestTargetID = 27CB51301D39CF31009D6468;
					};
					27CB514F1D39CF31009D6468 = {
						CreatedOnToolsVersion = 7.3.1;
						DevelopmentTeam = 2322UT7HH9;
						TestTargetID = 27CB51301D39CF31009D6468;
					};
				};
			};
			buildConfigurationList = 27CB512C1D39CF31009D6468 /* Build configuration list for PBXProject "Routable" */;
			compatibilityVersion = "Xcode 3.2";
			developmentRegion = English;
			hasScannedForEncodings = 0;
			knownRegions = (
				en,
				Base,
			);
			mainGroup = 27CB51281D39CF31009D6468;
			productRefGroup = 27CB51321D39CF31009D6468 /* Products */;
			projectDirPath = "";
			projectRoot = "";
			targets = (
				27CB51301D39CF31009D6468 /* Routable */,
				27CB51441D39CF31009D6468 /* RoutableTests */,
				27CB514F1D39CF31009D6468 /* RoutableUITests */,
			);
		};
/* End PBXProject section */

/* Begin PBXResourcesBuildPhase section */
		27CB512F1D39CF31009D6468 /* Resources */ = {
			isa = PBXResourcesBuildPhase;
			buildActionMask = 2147483647;
			files = (
				27CB513F1D39CF31009D6468 /* LaunchScreen.storyboard in Resources */,
				27CB513C1D39CF31009D6468 /* Assets.xcassets in Resources */,
				27CB513A1D39CF31009D6468 /* Main.storyboard in Resources */,
			);
			runOnlyForDeploymentPostprocessing = 0;
		};
		27CB51431D39CF31009D6468 /* Resources */ = {
			isa = PBXResourcesBuildPhase;
			buildActionMask = 2147483647;
			files = (
			);
			runOnlyForDeploymentPostprocessing = 0;
		};
		27CB514E1D39CF31009D6468 /* Resources */ = {
			isa = PBXResourcesBuildPhase;
			buildActionMask = 2147483647;
			files = (
			);
			runOnlyForDeploymentPostprocessing = 0;
		};
/* End PBXResourcesBuildPhase section */

/* Begin PBXSourcesBuildPhase section */
		27CB512D1D39CF31009D6468 /* Sources */ = {
			isa = PBXSourcesBuildPhase;
			buildActionMask = 2147483647;
			files = (
				27CB516B1D3A346E009D6468 /* ZKRouter.swift in Sources */,
				27CB51371D39CF31009D6468 /* ViewController.swift in Sources */,
				27CB51351D39CF31009D6468 /* AppDelegate.swift in Sources */,
				27CB51671D39D049009D6468 /* ZKRouterOptions.swift in Sources */,
				27CB51651D39CFE0009D6468 /* RouterParams.swift in Sources */,
				273672D41D44E8B3007E2F9C /* RouterViewController.swift in Sources */,
			);
			runOnlyForDeploymentPostprocessing = 0;
		};
		27CB51411D39CF31009D6468 /* Sources */ = {
			isa = PBXSourcesBuildPhase;
			buildActionMask = 2147483647;
			files = (
				27CB514A1D39CF31009D6468 /* RoutableTests.swift in Sources */,
			);
			runOnlyForDeploymentPostprocessing = 0;
		};
		27CB514C1D39CF31009D6468 /* Sources */ = {
			isa = PBXSourcesBuildPhase;
			buildActionMask = 2147483647;
			files = (
				27CB51551D39CF31009D6468 /* RoutableUITests.swift in Sources */,
			);
			runOnlyForDeploymentPostprocessing = 0;
		};
/* End PBXSourcesBuildPhase section */

/* Begin PBXTargetDependency section */
		27CB51471D39CF31009D6468 /* PBXTargetDependency */ = {
			isa = PBXTargetDependency;
			target = 27CB51301D39CF31009D6468 /* Routable */;
			targetProxy = 27CB51461D39CF31009D6468 /* PBXContainerItemProxy */;
		};
		27CB51521D39CF31009D6468 /* PBXTargetDependency */ = {
			isa = PBXTargetDependency;
			target = 27CB51301D39CF31009D6468 /* Routable */;
			targetProxy = 27CB51511D39CF31009D6468 /* PBXContainerItemProxy */;
		};
/* End PBXTargetDependency section */

/* Begin PBXVariantGroup section */
		27CB51381D39CF31009D6468 /* Main.storyboard */ = {
			isa = PBXVariantGroup;
			children = (
				27CB51391D39CF31009D6468 /* Base */,
			);
			name = Main.storyboard;
			sourceTree = "<group>";
		};
		27CB513D1D39CF31009D6468 /* LaunchScreen.storyboard */ = {
			isa = PBXVariantGroup;
			children = (
				27CB513E1D39CF31009D6468 /* Base */,
			);
			name = LaunchScreen.storyboard;
			sourceTree = "<group>";
		};
/* End PBXVariantGroup section */

/* Begin XCBuildConfiguration section */
		27CB51571D39CF31009D6468 /* Debug */ = {
			isa = XCBuildConfiguration;
			buildSettings = {
				ALWAYS_SEARCH_USER_PATHS = NO;
				CLANG_ANALYZER_NONNULL = YES;
				CLANG_CXX_LANGUAGE_STANDARD = "gnu++0x";
				CLANG_CXX_LIBRARY = "libc++";
				CLANG_ENABLE_MODULES = YES;
				CLANG_ENABLE_OBJC_ARC = YES;
				CLANG_WARN_BOOL_CONVERSION = YES;
				CLANG_WARN_CONSTANT_CONVERSION = YES;
				CLANG_WARN_DIRECT_OBJC_ISA_USAGE = YES_ERROR;
				CLANG_WARN_EMPTY_BODY = YES;
				CLANG_WARN_ENUM_CONVERSION = YES;
				CLANG_WARN_INT_CONVERSION = YES;
				CLANG_WARN_OBJC_ROOT_CLASS = YES_ERROR;
				CLANG_WARN_UNREACHABLE_CODE = YES;
				CLANG_WARN__DUPLICATE_METHOD_MATCH = YES;
				"CODE_SIGN_IDENTITY[sdk=iphoneos*]" = "iPhone Developer";
				COPY_PHASE_STRIP = NO;
				DEBUG_INFORMATION_FORMAT = dwarf;
				ENABLE_STRICT_OBJC_MSGSEND = YES;
				ENABLE_TESTABILITY = YES;
				GCC_C_LANGUAGE_STANDARD = gnu99;
				GCC_DYNAMIC_NO_PIC = NO;
				GCC_NO_COMMON_BLOCKS = YES;
				GCC_OPTIMIZATION_LEVEL = 0;
				GCC_PREPROCESSOR_DEFINITIONS = (
					"DEBUG=1",
					"$(inherited)",
				);
				GCC_WARN_64_TO_32_BIT_CONVERSION = YES;
				GCC_WARN_ABOUT_RETURN_TYPE = YES_ERROR;
				GCC_WARN_UNDECLARED_SELECTOR = YES;
				GCC_WARN_UNINITIALIZED_AUTOS = YES_AGGRESSIVE;
				GCC_WARN_UNUSED_FUNCTION = YES;
				GCC_WARN_UNUSED_VARIABLE = YES;
				IPHONEOS_DEPLOYMENT_TARGET = 9.3;
				MTL_ENABLE_DEBUG_INFO = YES;
				ONLY_ACTIVE_ARCH = YES;
				SDKROOT = iphoneos;
				SWIFT_OPTIMIZATION_LEVEL = "-Onone";
				TARGETED_DEVICE_FAMILY = "1,2";
			};
			name = Debug;
		};
		27CB51581D39CF31009D6468 /* Release */ = {
			isa = XCBuildConfiguration;
			buildSettings = {
				ALWAYS_SEARCH_USER_PATHS = NO;
				CLANG_ANALYZER_NONNULL = YES;
				CLANG_CXX_LANGUAGE_STANDARD = "gnu++0x";
				CLANG_CXX_LIBRARY = "libc++";
				CLANG_ENABLE_MODULES = YES;
				CLANG_ENABLE_OBJC_ARC = YES;
				CLANG_WARN_BOOL_CONVERSION = YES;
				CLANG_WARN_CONSTANT_CONVERSION = YES;
				CLANG_WARN_DIRECT_OBJC_ISA_USAGE = YES_ERROR;
				CLANG_WARN_EMPTY_BODY = YES;
				CLANG_WARN_ENUM_CONVERSION = YES;
				CLANG_WARN_INT_CONVERSION = YES;
				CLANG_WARN_OBJC_ROOT_CLASS = YES_ERROR;
				CLANG_WARN_UNREACHABLE_CODE = YES;
				CLANG_WARN__DUPLICATE_METHOD_MATCH = YES;
				"CODE_SIGN_IDENTITY[sdk=iphoneos*]" = "iPhone Developer";
				COPY_PHASE_STRIP = NO;
				DEBUG_INFORMATION_FORMAT = "dwarf-with-dsym";
				ENABLE_NS_ASSERTIONS = NO;
				ENABLE_STRICT_OBJC_MSGSEND = YES;
				GCC_C_LANGUAGE_STANDARD = gnu99;
				GCC_NO_COMMON_BLOCKS = YES;
				GCC_WARN_64_TO_32_BIT_CONVERSION = YES;
				GCC_WARN_ABOUT_RETURN_TYPE = YES_ERROR;
				GCC_WARN_UNDECLARED_SELECTOR = YES;
				GCC_WARN_UNINITIALIZED_AUTOS = YES_AGGRESSIVE;
				GCC_WARN_UNUSED_FUNCTION = YES;
				GCC_WARN_UNUSED_VARIABLE = YES;
				IPHONEOS_DEPLOYMENT_TARGET = 9.3;
				MTL_ENABLE_DEBUG_INFO = NO;
				SDKROOT = iphoneos;
				TARGETED_DEVICE_FAMILY = "1,2";
				VALIDATE_PRODUCT = YES;
			};
			name = Release;
		};
		27CB515A1D39CF31009D6468 /* Debug */ = {
			isa = XCBuildConfiguration;
			buildSettings = {
				ASSETCATALOG_COMPILER_APPICON_NAME = AppIcon;
				INFOPLIST_FILE = Routable/Info.plist;
				LD_RUNPATH_SEARCH_PATHS = "$(inherited) @executable_path/Frameworks";
				PRODUCT_BUNDLE_IDENTIFIER = Mike.Routable;
				PRODUCT_NAME = "$(TARGET_NAME)";
			};
			name = Debug;
		};
		27CB515B1D39CF31009D6468 /* Release */ = {
			isa = XCBuildConfiguration;
			buildSettings = {
				ASSETCATALOG_COMPILER_APPICON_NAME = AppIcon;
				INFOPLIST_FILE = Routable/Info.plist;
				LD_RUNPATH_SEARCH_PATHS = "$(inherited) @executable_path/Frameworks";
				PRODUCT_BUNDLE_IDENTIFIER = Mike.Routable;
				PRODUCT_NAME = "$(TARGET_NAME)";
			};
			name = Release;
		};
		27CB515D1D39CF31009D6468 /* Debug */ = {
			isa = XCBuildConfiguration;
			buildSettings = {
				BUNDLE_LOADER = "$(TEST_HOST)";
				INFOPLIST_FILE = RoutableTests/Info.plist;
				LD_RUNPATH_SEARCH_PATHS = "$(inherited) @executable_path/Frameworks @loader_path/Frameworks";
				PRODUCT_BUNDLE_IDENTIFIER = Mike.RoutableTests;
				PRODUCT_NAME = "$(TARGET_NAME)";
				TEST_HOST = "$(BUILT_PRODUCTS_DIR)/Routable.app/Routable";
			};
			name = Debug;
		};
		27CB515E1D39CF31009D6468 /* Release */ = {
			isa = XCBuildConfiguration;
			buildSettings = {
				BUNDLE_LOADER = "$(TEST_HOST)";
				INFOPLIST_FILE = RoutableTests/Info.plist;
				LD_RUNPATH_SEARCH_PATHS = "$(inherited) @executable_path/Frameworks @loader_path/Frameworks";
				PRODUCT_BUNDLE_IDENTIFIER = Mike.RoutableTests;
				PRODUCT_NAME = "$(TARGET_NAME)";
				TEST_HOST = "$(BUILT_PRODUCTS_DIR)/Routable.app/Routable";
			};
			name = Release;
		};
		27CB51601D39CF31009D6468 /* Debug */ = {
			isa = XCBuildConfiguration;
			buildSettings = {
				INFOPLIST_FILE = RoutableUITests/Info.plist;
				LD_RUNPATH_SEARCH_PATHS = "$(inherited) @executable_path/Frameworks @loader_path/Frameworks";
				PRODUCT_BUNDLE_IDENTIFIER = Mike.RoutableUITests;
				PRODUCT_NAME = "$(TARGET_NAME)";
				TEST_TARGET_NAME = Routable;
			};
			name = Debug;
		};
		27CB51611D39CF31009D6468 /* Release */ = {
			isa = XCBuildConfiguration;
			buildSettings = {
				INFOPLIST_FILE = RoutableUITests/Info.plist;
				LD_RUNPATH_SEARCH_PATHS = "$(inherited) @executable_path/Frameworks @loader_path/Frameworks";
				PRODUCT_BUNDLE_IDENTIFIER = Mike.RoutableUITests;
				PRODUCT_NAME = "$(TARGET_NAME)";
				TEST_TARGET_NAME = Routable;
			};
			name = Release;
		};
/* End XCBuildConfiguration section */

/* Begin XCConfigurationList section */
		27CB512C1D39CF31009D6468 /* Build configuration list for PBXProject "Routable" */ = {
			isa = XCConfigurationList;
			buildConfigurations = (
				27CB51571D39CF31009D6468 /* Debug */,
				27CB51581D39CF31009D6468 /* Release */,
			);
			defaultConfigurationIsVisible = 0;
			defaultConfigurationName = Release;
		};
		27CB51591D39CF31009D6468 /* Build configuration list for PBXNativeTarget "Routable" */ = {
			isa = XCConfigurationList;
			buildConfigurations = (
				27CB515A1D39CF31009D6468 /* Debug */,
				27CB515B1D39CF31009D6468 /* Release */,
			);
			defaultConfigurationIsVisible = 0;
			defaultConfigurationName = Release;
		};
		27CB515C1D39CF31009D6468 /* Build configuration list for PBXNativeTarget "RoutableTests" */ = {
			isa = XCConfigurationList;
			buildConfigurations = (
				27CB515D1D39CF31009D6468 /* Debug */,
				27CB515E1D39CF31009D6468 /* Release */,
			);
			defaultConfigurationIsVisible = 0;
			defaultConfigurationName = Release;
		};
		27CB515F1D39CF31009D6468 /* Build configuration list for PBXNativeTarget "RoutableUITests" */ = {
			isa = XCConfigurationList;
			buildConfigurations = (
				27CB51601D39CF31009D6468 /* Debug */,
				27CB51611D39CF31009D6468 /* Release */,
			);
			defaultConfigurationIsVisible = 0;
			defaultConfigurationName = Release;
		};
/* End XCConfigurationList section */
	};
	rootObject = 27CB51291D39CF31009D6468 /* Project object */;
}
